// !$*UTF8*$!
{
	archiveVersion = 1;
	classes = {
	};
	objectVersion = 56;
	objects = {

/* Begin PBXBuildFile section */
		9A508AFE2922AB660047CAAA /* launchscreen.png in Resources */ = {isa = PBXBuildFile; fileRef = 9A508AFD2922AB660047CAAA /* launchscreen.png */; };
		9A6FA8672923AFDE00D1B3D2 /* UsersStaticData.json in Resources */ = {isa = PBXBuildFile; fileRef = 9A6FA8662923AFDE00D1B3D2 /* UsersStaticData.json */; };
		9A6FA8692923B00800D1B3D2 /* SingleUserStaticData.json in Resources */ = {isa = PBXBuildFile; fileRef = 9A6FA8682923B00800D1B3D2 /* SingleUserStaticData.json */; };
		9A6FA86C2923B29300D1B3D2 /* UserDetailResponse.swift in Sources */ = {isa = PBXBuildFile; fileRef = 9A6FA86B2923B29300D1B3D2 /* UserDetailResponse.swift */; };
		9A6FA86E2923B35600D1B3D2 /* Model.swift in Sources */ = {isa = PBXBuildFile; fileRef = 9A6FA86D2923B35600D1B3D2 /* Model.swift */; };
		9A6FA8702923B39900D1B3D2 /* UsersResponse.swift in Sources */ = {isa = PBXBuildFile; fileRef = 9A6FA86F2923B39900D1B3D2 /* UsersResponse.swift */; };
		9A6FA8732923CE5E00D1B3D2 /* StaticJSONMapper.swift in Sources */ = {isa = PBXBuildFile; fileRef = 9A6FA8722923CE5E00D1B3D2 /* StaticJSONMapper.swift */; };
		9A73C2A8292293E30059B826 /* PrjPhotoApp.swift in Sources */ = {isa = PBXBuildFile; fileRef = 9A73C2A7292293E30059B826 /* PrjPhotoApp.swift */; };
		9A73C2AA292293E30059B826 /* ContentView.swift in Sources */ = {isa = PBXBuildFile; fileRef = 9A73C2A9292293E30059B826 /* ContentView.swift */; };
		9A73C2AC292293E40059B826 /* Assets.xcassets in Resources */ = {isa = PBXBuildFile; fileRef = 9A73C2AB292293E40059B826 /* Assets.xcassets */; };
		9A73C2AF292293E40059B826 /* Preview Assets.xcassets in Resources */ = {isa = PBXBuildFile; fileRef = 9A73C2AE292293E40059B826 /* Preview Assets.xcassets */; };
		9A73C2B7292299BF0059B826 /* Symbols.swift in Sources */ = {isa = PBXBuildFile; fileRef = 9A73C2B6292299BF0059B826 /* Symbols.swift */; };
		9A73C2B929229C370059B826 /* Theme.swift in Sources */ = {isa = PBXBuildFile; fileRef = 9A73C2B829229C370059B826 /* Theme.swift */; };
/* End PBXBuildFile section */

/* Begin PBXFileReference section */
		9A508AFC2922A85F0047CAAA /* Info.plist */ = {isa = PBXFileReference; lastKnownFileType = text.plist; path = Info.plist; sourceTree = "<group>"; };
		9A508AFD2922AB660047CAAA /* launchscreen.png */ = {isa = PBXFileReference; lastKnownFileType = image.png; path = launchscreen.png; sourceTree = "<group>"; };
		9A6FA8662923AFDE00D1B3D2 /* UsersStaticData.json */ = {isa = PBXFileReference; lastKnownFileType = text.json; path = UsersStaticData.json; sourceTree = "<group>"; };
		9A6FA8682923B00800D1B3D2 /* SingleUserStaticData.json */ = {isa = PBXFileReference; lastKnownFileType = text.json; path = SingleUserStaticData.json; sourceTree = "<group>"; };
		9A6FA86B2923B29300D1B3D2 /* UserDetailResponse.swift */ = {isa = PBXFileReference; lastKnownFileType = sourcecode.swift; path = UserDetailResponse.swift; sourceTree = "<group>"; };
		9A6FA86D2923B35600D1B3D2 /* Model.swift */ = {isa = PBXFileReference; lastKnownFileType = sourcecode.swift; path = Model.swift; sourceTree = "<group>"; };
		9A6FA86F2923B39900D1B3D2 /* UsersResponse.swift */ = {isa = PBXFileReference; lastKnownFileType = sourcecode.swift; path = UsersResponse.swift; sourceTree = "<group>"; };
		9A6FA8722923CE5E00D1B3D2 /* StaticJSONMapper.swift */ = {isa = PBXFileReference; lastKnownFileType = sourcecode.swift; path = StaticJSONMapper.swift; sourceTree = "<group>"; };
		9A73C2A4292293E30059B826 /* PrjPhoto.app */ = {isa = PBXFileReference; explicitFileType = wrapper.application; includeInIndex = 0; path = PrjPhoto.app; sourceTree = BUILT_PRODUCTS_DIR; };
		9A73C2A7292293E30059B826 /* PrjPhotoApp.swift */ = {isa = PBXFileReference; lastKnownFileType = sourcecode.swift; path = PrjPhotoApp.swift; sourceTree = "<group>"; };
		9A73C2A9292293E30059B826 /* ContentView.swift */ = {isa = PBXFileReference; lastKnownFileType = sourcecode.swift; path = ContentView.swift; sourceTree = "<group>"; };
		9A73C2AB292293E40059B826 /* Assets.xcassets */ = {isa = PBXFileReference; lastKnownFileType = folder.assetcatalog; path = Assets.xcassets; sourceTree = "<group>"; };
		9A73C2AE292293E40059B826 /* Preview Assets.xcassets */ = {isa = PBXFileReference; lastKnownFileType = folder.assetcatalog; path = "Preview Assets.xcassets"; sourceTree = "<group>"; };
		9A73C2B6292299BF0059B826 /* Symbols.swift */ = {isa = PBXFileReference; lastKnownFileType = sourcecode.swift; path = Symbols.swift; sourceTree = "<group>"; };
		9A73C2B829229C370059B826 /* Theme.swift */ = {isa = PBXFileReference; lastKnownFileType = sourcecode.swift; path = Theme.swift; sourceTree = "<group>"; };
/* End PBXFileReference section */

/* Begin PBXFrameworksBuildPhase section */
		9A73C2A1292293E30059B826 /* Frameworks */ = {
			isa = PBXFrameworksBuildPhase;
			buildActionMask = 2147483647;
			files = (
			);
			runOnlyForDeploymentPostprocessing = 0;
		};
/* End PBXFrameworksBuildPhase section */

/* Begin PBXGroup section */
		9A508AF22922A2830047CAAA /* Model */ = {
			isa = PBXGroup;
			children = (
				9A6FA86B2923B29300D1B3D2 /* UserDetailResponse.swift */,
			);
			path = Model;
			sourceTree = "<group>";
		};
		9A508AF32922A2990047CAAA /* Views */ = {
			isa = PBXGroup;
			children = (
			);
			path = Views;
			sourceTree = "<group>";
		};
		9A508AF42922A2BB0047CAAA /* View Models */ = {
			isa = PBXGroup;
			children = (
			);
			path = "View Models";
			sourceTree = "<group>";
		};
		9A508AF52922A2EA0047CAAA /* View Models */ = {
			isa = PBXGroup;
			children = (
			);
			path = "View Models";
			sourceTree = "<group>";
		};
		9A508AF62922A2EA0047CAAA /* Model */ = {
			isa = PBXGroup;
			children = (
			);
			path = Model;
			sourceTree = "<group>";
		};
		9A508AF72922A2EA0047CAAA /* Views */ = {
			isa = PBXGroup;
			children = (
			);
			path = Views;
			sourceTree = "<group>";
		};
		9A508AF82922A2ED0047CAAA /* Model */ = {
			isa = PBXGroup;
			children = (
				9A6FA86F2923B39900D1B3D2 /* UsersResponse.swift */,
			);
			path = Model;
			sourceTree = "<group>";
		};
		9A508AF92922A2ED0047CAAA /* Views */ = {
			isa = PBXGroup;
			children = (
			);
			path = Views;
			sourceTree = "<group>";
		};
		9A508AFA2922A2EE0047CAAA /* View Models */ = {
			isa = PBXGroup;
			children = (
			);
			path = "View Models";
			sourceTree = "<group>";
		};
		9A508AFB2922A3020047CAAA /* Views */ = {
			isa = PBXGroup;
			children = (
			);
			path = Views;
			sourceTree = "<group>";
		};
		9A6FA8652923AFB400D1B3D2 /* JSON */ = {
			isa = PBXGroup;
			children = (
				9A6FA8662923AFDE00D1B3D2 /* UsersStaticData.json */,
				9A6FA8682923B00800D1B3D2 /* SingleUserStaticData.json */,
			);
			path = JSON;
			sourceTree = "<group>";
		};
		9A6FA86A2923B26600D1B3D2 /* Model */ = {
			isa = PBXGroup;
			children = (
				9A6FA86D2923B35600D1B3D2 /* Model.swift */,
			);
			path = Model;
			sourceTree = "<group>";
		};
		9A6FA8712923CE5000D1B3D2 /* Mapper */ = {
			isa = PBXGroup;
			children = (
				9A6FA8722923CE5E00D1B3D2 /* StaticJSONMapper.swift */,
			);
			path = Mapper;
			sourceTree = "<group>";
		};
		9A73C29B292293E30059B826 = {
			isa = PBXGroup;
			children = (
				9A73C2A6292293E30059B826 /* PrjPhoto */,
				9A73C2A5292293E30059B826 /* Products */,
			);
			sourceTree = "<group>";
		};
		9A73C2A5292293E30059B826 /* Products */ = {
			isa = PBXGroup;
			children = (
				9A73C2A4292293E30059B826 /* PrjPhoto.app */,
			);
			name = Products;
			sourceTree = "<group>";
		};
		9A73C2A6292293E30059B826 /* PrjPhoto */ = {
			isa = PBXGroup;
			children = (
				9A508AFC2922A85F0047CAAA /* Info.plist */,
				9A73C2BC29229DA80059B826 /* Features */,
				9A73C2BA29229D7C0059B826 /* Base */,
				9A73C2B5292299A20059B826 /* Resources */,
				9A73C2A7292293E30059B826 /* PrjPhotoApp.swift */,
				9A73C2A9292293E30059B826 /* ContentView.swift */,
				9A73C2AB292293E40059B826 /* Assets.xcassets */,
				9A73C2AD292293E40059B826 /* Preview Content */,
			);
			path = PrjPhoto;
			sourceTree = "<group>";
		};
		9A73C2AD292293E40059B826 /* Preview Content */ = {
			isa = PBXGroup;
			children = (
				9A73C2AE292293E40059B826 /* Preview Assets.xcassets */,
			);
			path = "Preview Content";
			sourceTree = "<group>";
		};
		9A73C2B5292299A20059B826 /* Resources */ = {
			isa = PBXGroup;
			children = (
				9A6FA8652923AFB400D1B3D2 /* JSON */,
				9A73C2B6292299BF0059B826 /* Symbols.swift */,
				9A73C2B829229C370059B826 /* Theme.swift */,
				9A508AFD2922AB660047CAAA /* launchscreen.png */,
			);
			path = Resources;
			sourceTree = "<group>";
		};
		9A73C2BA29229D7C0059B826 /* Base */ = {
			isa = PBXGroup;
			children = (
				9A6FA8712923CE5000D1B3D2 /* Mapper */,
				9A6FA86A2923B26600D1B3D2 /* Model */,
				9A73C2BB29229D8C0059B826 /* Views */,
			);
			path = Base;
			sourceTree = "<group>";
		};
		9A73C2BB29229D8C0059B826 /* Views */ = {
			isa = PBXGroup;
			children = (
			);
			path = Views;
			sourceTree = "<group>";
		};
		9A73C2BC29229DA80059B826 /* Features */ = {
			isa = PBXGroup;
			children = (
				9A73C2C029229DF70059B826 /* Settings */,
				9A73C2BF29229DDE0059B826 /* Create */,
				9A73C2BE29229DCC0059B826 /* Details */,
				9A73C2BD29229DBB0059B826 /* People */,
			);
			path = Features;
			sourceTree = "<group>";
		};
		9A73C2BD29229DBB0059B826 /* People */ = {
			isa = PBXGroup;
			children = (
				9A508AFA2922A2EE0047CAAA /* View Models */,
				9A508AF92922A2ED0047CAAA /* Views */,
				9A508AF82922A2ED0047CAAA /* Model */,
			);
			path = People;
			sourceTree = "<group>";
		};
		9A73C2BE29229DCC0059B826 /* Details */ = {
			isa = PBXGroup;
			children = (
				9A508AF42922A2BB0047CAAA /* View Models */,
				9A508AF32922A2990047CAAA /* Views */,
				9A508AF22922A2830047CAAA /* Model */,
			);
			path = Details;
			sourceTree = "<group>";
		};
		9A73C2BF29229DDE0059B826 /* Create */ = {
			isa = PBXGroup;
			children = (
				9A508AF52922A2EA0047CAAA /* View Models */,
				9A508AF72922A2EA0047CAAA /* Views */,
				9A508AF62922A2EA0047CAAA /* Model */,
			);
			path = Create;
			sourceTree = "<group>";
		};
		9A73C2C029229DF70059B826 /* Settings */ = {
			isa = PBXGroup;
			children = (
				9A508AFB2922A3020047CAAA /* Views */,
			);
			path = Settings;
			sourceTree = "<group>";
		};
/* End PBXGroup section */

/* Begin PBXNativeTarget section */
		9A73C2A3292293E30059B826 /* PrjPhoto */ = {
			isa = PBXNativeTarget;
			buildConfigurationList = 9A73C2B2292293E40059B826 /* Build configuration list for PBXNativeTarget "PrjPhoto" */;
			buildPhases = (
				9A73C2A0292293E30059B826 /* Sources */,
				9A73C2A1292293E30059B826 /* Frameworks */,
				9A73C2A2292293E30059B826 /* Resources */,
			);
			buildRules = (
			);
			dependencies = (
			);
			name = PrjPhoto;
			productName = PrjPhoto;
			productReference = 9A73C2A4292293E30059B826 /* PrjPhoto.app */;
			productType = "com.apple.product-type.application";
		};
/* End PBXNativeTarget section */

/* Begin PBXProject section */
		9A73C29C292293E30059B826 /* Project object */ = {
			isa = PBXProject;
			attributes = {
				BuildIndependentTargetsInParallel = 1;
				LastSwiftUpdateCheck = 1410;
				LastUpgradeCheck = 1410;
				TargetAttributes = {
					9A73C2A3292293E30059B826 = {
						CreatedOnToolsVersion = 14.1;
					};
				};
			};
			buildConfigurationList = 9A73C29F292293E30059B826 /* Build configuration list for PBXProject "PrjPhoto" */;
			compatibilityVersion = "Xcode 14.0";
			developmentRegion = en;
			hasScannedForEncodings = 0;
			knownRegions = (
				en,
				Base,
			);
			mainGroup = 9A73C29B292293E30059B826;
			productRefGroup = 9A73C2A5292293E30059B826 /* Products */;
			projectDirPath = "";
			projectRoot = "";
			targets = (
				9A73C2A3292293E30059B826 /* PrjPhoto */,
			);
		};
/* End PBXProject section */

/* Begin PBXResourcesBuildPhase section */
		9A73C2A2292293E30059B826 /* Resources */ = {
			isa = PBXResourcesBuildPhase;
			buildActionMask = 2147483647;
			files = (
				9A6FA8672923AFDE00D1B3D2 /* UsersStaticData.json in Resources */,
				9A73C2AF292293E40059B826 /* Preview Assets.xcassets in Resources */,
				9A6FA8692923B00800D1B3D2 /* SingleUserStaticData.json in Resources */,
				9A73C2AC292293E40059B826 /* Assets.xcassets in Resources */,
				9A508AFE2922AB660047CAAA /* launchscreen.png in Resources */,
			);
			runOnlyForDeploymentPostprocessing = 0;
		};
/* End PBXResourcesBuildPhase section */

/* Begin PBXSourcesBuildPhase section */
		9A73C2A0292293E30059B826 /* Sources */ = {
			isa = PBXSourcesBuildPhase;
			buildActionMask = 2147483647;
			files = (
				9A6FA8732923CE5E00D1B3D2 /* StaticJSONMapper.swift in Sources */,
				9A73C2B7292299BF0059B826 /* Symbols.swift in Sources */,
				9A73C2B929229C370059B826 /* Theme.swift in Sources */,
				9A73C2AA292293E30059B826 /* ContentView.swift in Sources */,
				9A6FA86E2923B35600D1B3D2 /* Model.swift in Sources */,
				9A6FA86C2923B29300D1B3D2 /* UserDetailResponse.swift in Sources */,
				9A6FA8702923B39900D1B3D2 /* UsersResponse.swift in Sources */,
				9A73C2A8292293E30059B826 /* PrjPhotoApp.swift in Sources */,
			);
			runOnlyForDeploymentPostprocessing = 0;
		};
/* End PBXSourcesBuildPhase section */

/* Begin XCBuildConfiguration section */
		9A73C2B0292293E40059B826 /* Debug */ = {
			isa = XCBuildConfiguration;
			buildSettings = {
				ALWAYS_SEARCH_USER_PATHS = NO;
				CLANG_ANALYZER_NONNULL = YES;
				CLANG_ANALYZER_NUMBER_OBJECT_CONVERSION = YES_AGGRESSIVE;
				CLANG_CXX_LANGUAGE_STANDARD = "gnu++20";
				CLANG_ENABLE_MODULES = YES;
				CLANG_ENABLE_OBJC_ARC = YES;
				CLANG_ENABLE_OBJC_WEAK = YES;
				CLANG_WARN_BLOCK_CAPTURE_AUTORELEASING = YES;
				CLANG_WARN_BOOL_CONVERSION = YES;
				CLANG_WARN_COMMA = YES;
				CLANG_WARN_CONSTANT_CONVERSION = YES;
				CLANG_WARN_DEPRECATED_OBJC_IMPLEMENTATIONS = YES;
				CLANG_WARN_DIRECT_OBJC_ISA_USAGE = YES_ERROR;
				CLANG_WARN_DOCUMENTATION_COMMENTS = YES;
				CLANG_WARN_EMPTY_BODY = YES;
				CLANG_WARN_ENUM_CONVERSION = YES;
				CLANG_WARN_INFINITE_RECURSION = YES;
				CLANG_WARN_INT_CONVERSION = YES;
				CLANG_WARN_NON_LITERAL_NULL_CONVERSION = YES;
				CLANG_WARN_OBJC_IMPLICIT_RETAIN_SELF = YES;
				CLANG_WARN_OBJC_LITERAL_CONVERSION = YES;
				CLANG_WARN_OBJC_ROOT_CLASS = YES_ERROR;
				CLANG_WARN_QUOTED_INCLUDE_IN_FRAMEWORK_HEADER = YES;
				CLANG_WARN_RANGE_LOOP_ANALYSIS = YES;
				CLANG_WARN_STRICT_PROTOTYPES = YES;
				CLANG_WARN_SUSPICIOUS_MOVE = YES;
				CLANG_WARN_UNGUARDED_AVAILABILITY = YES_AGGRESSIVE;
				CLANG_WARN_UNREACHABLE_CODE = YES;
				CLANG_WARN__DUPLICATE_METHOD_MATCH = YES;
				COPY_PHASE_STRIP = NO;
				DEBUG_INFORMATION_FORMAT = dwarf;
				ENABLE_STRICT_OBJC_MSGSEND = YES;
				ENABLE_TESTABILITY = YES;
				GCC_C_LANGUAGE_STANDARD = gnu11;
				GCC_DYNAMIC_NO_PIC = NO;
				GCC_NO_COMMON_BLOCKS = YES;
				GCC_OPTIMIZATION_LEVEL = 0;
				GCC_PREPROCESSOR_DEFINITIONS = (
					"DEBUG=1",
					"$(inherited)",
				);
				GCC_WARN_64_TO_32_BIT_CONVERSION = YES;
				GCC_WARN_ABOUT_RETURN_TYPE = YES_ERROR;
				GCC_WARN_UNDECLARED_SELECTOR = YES;
				GCC_WARN_UNINITIALIZED_AUTOS = YES_AGGRESSIVE;
				GCC_WARN_UNUSED_FUNCTION = YES;
				GCC_WARN_UNUSED_VARIABLE = YES;
				IPHONEOS_DEPLOYMENT_TARGET = 16.1;
				MTL_ENABLE_DEBUG_INFO = INCLUDE_SOURCE;
				MTL_FAST_MATH = YES;
				ONLY_ACTIVE_ARCH = YES;
				SDKROOT = iphoneos;
				SWIFT_ACTIVE_COMPILATION_CONDITIONS = DEBUG;
				SWIFT_OPTIMIZATION_LEVEL = "-Onone";
			};
			name = Debug;
		};
		9A73C2B1292293E40059B826 /* Release */ = {
			isa = XCBuildConfiguration;
			buildSettings = {
				ALWAYS_SEARCH_USER_PATHS = NO;
				CLANG_ANALYZER_NONNULL = YES;
				CLANG_ANALYZER_NUMBER_OBJECT_CONVERSION = YES_AGGRESSIVE;
				CLANG_CXX_LANGUAGE_STANDARD = "gnu++20";
				CLANG_ENABLE_MODULES = YES;
				CLANG_ENABLE_OBJC_ARC = YES;
				CLANG_ENABLE_OBJC_WEAK = YES;
				CLANG_WARN_BLOCK_CAPTURE_AUTORELEASING = YES;
				CLANG_WARN_BOOL_CONVERSION = YES;
				CLANG_WARN_COMMA = YES;
				CLANG_WARN_CONSTANT_CONVERSION = YES;
				CLANG_WARN_DEPRECATED_OBJC_IMPLEMENTATIONS = YES;
				CLANG_WARN_DIRECT_OBJC_ISA_USAGE = YES_ERROR;
				CLANG_WARN_DOCUMENTATION_COMMENTS = YES;
				CLANG_WARN_EMPTY_BODY = YES;
				CLANG_WARN_ENUM_CONVERSION = YES;
				CLANG_WARN_INFINITE_RECURSION = YES;
				CLANG_WARN_INT_CONVERSION = YES;
				CLANG_WARN_NON_LITERAL_NULL_CONVERSION = YES;
				CLANG_WARN_OBJC_IMPLICIT_RETAIN_SELF = YES;
				CLANG_WARN_OBJC_LITERAL_CONVERSION = YES;
				CLANG_WARN_OBJC_ROOT_CLASS = YES_ERROR;
				CLANG_WARN_QUOTED_INCLUDE_IN_FRAMEWORK_HEADER = YES;
				CLANG_WARN_RANGE_LOOP_ANALYSIS = YES;
				CLANG_WARN_STRICT_PROTOTYPES = YES;
				CLANG_WARN_SUSPICIOUS_MOVE = YES;
				CLANG_WARN_UNGUARDED_AVAILABILITY = YES_AGGRESSIVE;
				CLANG_WARN_UNREACHABLE_CODE = YES;
				CLANG_WARN__DUPLICATE_METHOD_MATCH = YES;
				COPY_PHASE_STRIP = NO;
				DEBUG_INFORMATION_FORMAT = "dwarf-with-dsym";
				ENABLE_NS_ASSERTIONS = NO;
				ENABLE_STRICT_OBJC_MSGSEND = YES;
				GCC_C_LANGUAGE_STANDARD = gnu11;
				GCC_NO_COMMON_BLOCKS = YES;
				GCC_WARN_64_TO_32_BIT_CONVERSION = YES;
				GCC_WARN_ABOUT_RETURN_TYPE = YES_ERROR;
				GCC_WARN_UNDECLARED_SELECTOR = YES;
				GCC_WARN_UNINITIALIZED_AUTOS = YES_AGGRESSIVE;
				GCC_WARN_UNUSED_FUNCTION = YES;
				GCC_WARN_UNUSED_VARIABLE = YES;
				IPHONEOS_DEPLOYMENT_TARGET = 16.1;
				MTL_ENABLE_DEBUG_INFO = NO;
				MTL_FAST_MATH = YES;
				SDKROOT = iphoneos;
				SWIFT_COMPILATION_MODE = wholemodule;
				SWIFT_OPTIMIZATION_LEVEL = "-O";
				VALIDATE_PRODUCT = YES;
			};
			name = Release;
		};
		9A73C2B3292293E40059B826 /* Debug */ = {
			isa = XCBuildConfiguration;
			buildSettings = {
				ASSETCATALOG_COMPILER_APPICON_NAME = AppIcon;
				ASSETCATALOG_COMPILER_GLOBAL_ACCENT_COLOR_NAME = AccentColor;
				CODE_SIGN_STYLE = Automatic;
				CURRENT_PROJECT_VERSION = 1;
				DEVELOPMENT_ASSET_PATHS = "\"PrjPhoto/Preview Content\"";
				DEVELOPMENT_TEAM = D7864CJUFA;
				ENABLE_PREVIEWS = YES;
				GENERATE_INFOPLIST_FILE = YES;
				INFOPLIST_FILE = PrjPhoto/Info.plist;
				INFOPLIST_KEY_UIApplicationSceneManifest_Generation = YES;
				INFOPLIST_KEY_UIApplicationSupportsIndirectInputEvents = YES;
				INFOPLIST_KEY_UISupportedInterfaceOrientations_iPad = "UIInterfaceOrientationPortrait UIInterfaceOrientationPortraitUpsideDown UIInterfaceOrientationLandscapeLeft UIInterfaceOrientationLandscapeRight";
				INFOPLIST_KEY_UISupportedInterfaceOrientations_iPhone = "UIInterfaceOrientationPortrait UIInterfaceOrientationLandscapeLeft UIInterfaceOrientationLandscapeRight";
				LD_RUNPATH_SEARCH_PATHS = (
					"$(inherited)",
					"@executable_path/Frameworks",
				);
				MARKETING_VERSION = 1.0;
				PRODUCT_BUNDLE_IDENTIFIER = it.spiccianim.PrjPhoto;
				PRODUCT_NAME = "$(TARGET_NAME)";
				SWIFT_EMIT_LOC_STRINGS = YES;
				SWIFT_VERSION = 5.0;
				TARGETED_DEVICE_FAMILY = "1,2";
			};
			name = Debug;
		};
		9A73C2B4292293E40059B826 /* Release */ = {
			isa = XCBuildConfiguration;
			buildSettings = {
				ASSETCATALOG_COMPILER_APPICON_NAME = AppIcon;
				ASSETCATALOG_COMPILER_GLOBAL_ACCENT_COLOR_NAME = AccentColor;
				CODE_SIGN_STYLE = Automatic;
				CURRENT_PROJECT_VERSION = 1;
				DEVELOPMENT_ASSET_PATHS = "\"PrjPhoto/Preview Content\"";
				DEVELOPMENT_TEAM = D7864CJUFA;
				ENABLE_PREVIEWS = YES;
				GENERATE_INFOPLIST_FILE = YES;
				INFOPLIST_FILE = PrjPhoto/Info.plist;
				INFOPLIST_KEY_UIApplicationSceneManifest_Generation = YES;
				INFOPLIST_KEY_UIApplicationSupportsIndirectInputEvents = YES;
				INFOPLIST_KEY_UISupportedInterfaceOrientations_iPad = "UIInterfaceOrientationPortrait UIInterfaceOrientationPortraitUpsideDown UIInterfaceOrientationLandscapeLeft UIInterfaceOrientationLandscapeRight";
				INFOPLIST_KEY_UISupportedInterfaceOrientations_iPhone = "UIInterfaceOrientationPortrait UIInterfaceOrientationLandscapeLeft UIInterfaceOrientationLandscapeRight";
				LD_RUNPATH_SEARCH_PATHS = (
					"$(inherited)",
					"@executable_path/Frameworks",
				);
				MARKETING_VERSION = 1.0;
				PRODUCT_BUNDLE_IDENTIFIER = it.spiccianim.PrjPhoto;
				PRODUCT_NAME = "$(TARGET_NAME)";
				SWIFT_EMIT_LOC_STRINGS = YES;
				SWIFT_VERSION = 5.0;
				TARGETED_DEVICE_FAMILY = "1,2";
			};
			name = Release;
		};
/* End XCBuildConfiguration section */

/* Begin XCConfigurationList section */
		9A73C29F292293E30059B826 /* Build configuration list for PBXProject "PrjPhoto" */ = {
			isa = XCConfigurationList;
			buildConfigurations = (
				9A73C2B0292293E40059B826 /* Debug */,
				9A73C2B1292293E40059B826 /* Release */,
			);
			defaultConfigurationIsVisible = 0;
			defaultConfigurationName = Release;
		};
		9A73C2B2292293E40059B826 /* Build configuration list for PBXNativeTarget "PrjPhoto" */ = {
			isa = XCConfigurationList;
			buildConfigurations = (
				9A73C2B3292293E40059B826 /* Debug */,
				9A73C2B4292293E40059B826 /* Release */,
			);
			defaultConfigurationIsVisible = 0;
			defaultConfigurationName = Release;
		};
/* End XCConfigurationList section */
	};
	rootObject = 9A73C29C292293E30059B826 /* Project object */;
}
